
Microsoft Visual Studio Solution File, Format Version 12.00
# Visual Studio 15
VisualStudioVersion = 15.0.28010.2048
MinimumVisualStudioVersion = 10.0.40219.1
Project("{9A19103F-16F7-4668-BE54-9A1E7A4F7556}") = "BiDictionary", "BiDictionary\BiDictionary.csproj", "{2F74A266-5A9D-43AE-A086-A6C35D557A5B}"
EndProject
Project("{2150E333-8FDC-42A3-9474-1A3956D46DE8}") = "Solution Items", "Solution Items", "{032552B0-A9E3-41B5-9A6C-0ACC0BFE9EE0}"
	ProjectSection(SolutionItems) = preProject
		.editorconfig = .editorconfig
	EndProjectSection
EndProject
Global
	GlobalSection(SolutionConfigurationPlatforms) = preSolution
		Debug|Any CPU = Debug|Any CPU
		Release|Any CPU = Release|Any CPU
	EndGlobalSection
	GlobalSection(ProjectConfigurationPlatforms) = postSolution
		{2F74A266-5A9D-43AE-A086-A6C35D557A5B}.Debug|Any CPU.ActiveCfg = Debug|Any CPU
		{2F74A266-5A9D-43AE-A086-A6C35D557A5B}.Debug|Any CPU.Build.0 = Debug|Any CPU
		{2F74A266-5A9D-43AE-A086-A6C35D557A5B}.Release|Any CPU.ActiveCfg = Release|Any CPU
		{2F74A266-5A9D-43AE-A086-A6C35D557A5B}.Release|Any CPU.Build.0 = Release|Any CPU
	EndGlobalSection
	GlobalSection(SolutionProperties) = preSolution
		HideSolutionNode = FALSE
	EndGlobalSection
	GlobalSection(ExtensibilityGlobals) = postSolution
		SolutionGuid = {48325ED5-DF86-4F7A-8B46-9ABECBDE0671}
	EndGlobalSection
EndGlobal
